// !$*UTF8*$!
{
	archiveVersion = 1;
	classes = {
	};
	objectVersion = 46;
	objects = {

/* Begin PBXBuildFile section */
		D2CEF0071D053449005E7DBF /* AppDelegate.swift in Sources */ = {isa = PBXBuildFile; fileRef = D2CEF0061D053449005E7DBF /* AppDelegate.swift */; };
		D2CEF0091D053449005E7DBF /* ViewController.swift in Sources */ = {isa = PBXBuildFile; fileRef = D2CEF0081D053449005E7DBF /* ViewController.swift */; };
		D2CEF00C1D053449005E7DBF /* Main.storyboard in Resources */ = {isa = PBXBuildFile; fileRef = D2CEF00A1D053449005E7DBF /* Main.storyboard */; };
		D2CEF00E1D053449005E7DBF /* Assets.xcassets in Resources */ = {isa = PBXBuildFile; fileRef = D2CEF00D1D053449005E7DBF /* Assets.xcassets */; };
		D2CEF0111D053449005E7DBF /* LaunchScreen.storyboard in Resources */ = {isa = PBXBuildFile; fileRef = D2CEF00F1D053449005E7DBF /* LaunchScreen.storyboard */; };
		D2EEB8691D09B32300C9D80B /* SettingsViewController.swift in Sources */ = {isa = PBXBuildFile; fileRef = D2EEB8681D09B32300C9D80B /* SettingsViewController.swift */; };
		D2F1DFFC1D1562FE00C865AE /* Constants.swift in Sources */ = {isa = PBXBuildFile; fileRef = D2F1DFFB1D1562FE00C865AE /* Constants.swift */; };
		D2F1DFFE1D16386800C865AE /* Utility.swift in Sources */ = {isa = PBXBuildFile; fileRef = D2F1DFFD1D16386800C865AE /* Utility.swift */; };
/* End PBXBuildFile section */

/* Begin PBXFileReference section */
		D2CEF0031D053449005E7DBF /* tip-calculator.app */ = {isa = PBXFileReference; explicitFileType = wrapper.application; includeInIndex = 0; path = "tip-calculator.app"; sourceTree = BUILT_PRODUCTS_DIR; };
		D2CEF0061D053449005E7DBF /* AppDelegate.swift */ = {isa = PBXFileReference; lastKnownFileType = sourcecode.swift; path = AppDelegate.swift; sourceTree = "<group>"; };
		D2CEF0081D053449005E7DBF /* ViewController.swift */ = {isa = PBXFileReference; lastKnownFileType = sourcecode.swift; path = ViewController.swift; sourceTree = "<group>"; };
		D2CEF00B1D053449005E7DBF /* Base */ = {isa = PBXFileReference; lastKnownFileType = file.storyboard; name = Base; path = Base.lproj/Main.storyboard; sourceTree = "<group>"; };
		D2CEF00D1D053449005E7DBF /* Assets.xcassets */ = {isa = PBXFileReference; lastKnownFileType = folder.assetcatalog; path = Assets.xcassets; sourceTree = "<group>"; };
		D2CEF0101D053449005E7DBF /* Base */ = {isa = PBXFileReference; lastKnownFileType = file.storyboard; name = Base; path = Base.lproj/LaunchScreen.storyboard; sourceTree = "<group>"; };
		D2CEF0121D053449005E7DBF /* Info.plist */ = {isa = PBXFileReference; lastKnownFileType = text.plist.xml; path = Info.plist; sourceTree = "<group>"; };
		D2EEB8681D09B32300C9D80B /* SettingsViewController.swift */ = {isa = PBXFileReference; fileEncoding = 4; lastKnownFileType = sourcecode.swift; path = SettingsViewController.swift; sourceTree = "<group>"; };
		D2F1DFFB1D1562FE00C865AE /* Constants.swift */ = {isa = PBXFileReference; fileEncoding = 4; lastKnownFileType = sourcecode.swift; path = Constants.swift; sourceTree = "<group>"; };
		D2F1DFFD1D16386800C865AE /* Utility.swift */ = {isa = PBXFileReference; fileEncoding = 4; lastKnownFileType = sourcecode.swift; path = Utility.swift; sourceTree = "<group>"; };
/* End PBXFileReference section */

/* Begin PBXFrameworksBuildPhase section */
		D2CEF0001D053449005E7DBF /* Frameworks */ = {
			isa = PBXFrameworksBuildPhase;
			buildActionMask = 2147483647;
			files = (
			);
			runOnlyForDeploymentPostprocessing = 0;
		};
/* End PBXFrameworksBuildPhase section */

/* Begin PBXGroup section */
		D2CEEFFA1D053449005E7DBF = {
			isa = PBXGroup;
			children = (
				D2CEF0051D053449005E7DBF /* tip-calculator */,
				D2CEF0041D053449005E7DBF /* Products */,
			);
			sourceTree = "<group>";
		};
		D2CEF0041D053449005E7DBF /* Products */ = {
			isa = PBXGroup;
			children = (
				D2CEF0031D053449005E7DBF /* tip-calculator.app */,
			);
			name = Products;
			sourceTree = "<group>";
		};
		D2CEF0051D053449005E7DBF /* tip-calculator */ = {
			isa = PBXGroup;
			children = (
				D2CEF0061D053449005E7DBF /* AppDelegate.swift */,
				D2CEF0081D053449005E7DBF /* ViewController.swift */,
				D2CEF00A1D053449005E7DBF /* Main.storyboard */,
				D2EEB8681D09B32300C9D80B /* SettingsViewController.swift */,
				D2CEF00D1D053449005E7DBF /* Assets.xcassets */,
				D2CEF00F1D053449005E7DBF /* LaunchScreen.storyboard */,
				D2CEF0121D053449005E7DBF /* Info.plist */,
				D2F1DFFB1D1562FE00C865AE /* Constants.swift */,
				D2F1DFFD1D16386800C865AE /* Utility.swift */,
			);
			path = "tip-calculator";
			sourceTree = "<group>";
		};
/* End PBXGroup section */

/* Begin PBXNativeTarget section */
		D2CEF0021D053449005E7DBF /* tip-calculator */ = {
			isa = PBXNativeTarget;
			buildConfigurationList = D2CEF0151D053449005E7DBF /* Build configuration list for PBXNativeTarget "tip-calculator" */;
			buildPhases = (
				D2CEEFFF1D053449005E7DBF /* Sources */,
				D2CEF0001D053449005E7DBF /* Frameworks */,
				D2CEF0011D053449005E7DBF /* Resources */,
			);
			buildRules = (
			);
			dependencies = (
			);
			name = "tip-calculator";
			productName = "tip-calculator";
			productReference = D2CEF0031D053449005E7DBF /* tip-calculator.app */;
			productType = "com.apple.product-type.application";
		};
/* End PBXNativeTarget section */

/* Begin PBXProject section */
		D2CEEFFB1D053449005E7DBF /* Project object */ = {
			isa = PBXProject;
			attributes = {
				LastSwiftUpdateCheck = 0730;
				LastUpgradeCheck = 0730;
				ORGANIZATIONNAME = "Nguyen Van Phuong Mai";
				TargetAttributes = {
					D2CEF0021D053449005E7DBF = {
						CreatedOnToolsVersion = 7.3.1;
					};
				};
			};
			buildConfigurationList = D2CEEFFE1D053449005E7DBF /* Build configuration list for PBXProject "tip-calculator" */;
			compatibilityVersion = "Xcode 3.2";
			developmentRegion = English;
			hasScannedForEncodings = 0;
			knownRegions = (
				en,
				Base,
			);
			mainGroup = D2CEEFFA1D053449005E7DBF;
			productRefGroup = D2CEF0041D053449005E7DBF /* Products */;
			projectDirPath = "";
			projectRoot = "";
			targets = (
				D2CEF0021D053449005E7DBF /* tip-calculator */,
			);
		};
/* End PBXProject section */

/* Begin PBXResourcesBuildPhase section */
		D2CEF0011D053449005E7DBF /* Resources */ = {
			isa = PBXResourcesBuildPhase;
			buildActionMask = 2147483647;
			files = (
				D2CEF0111D053449005E7DBF /* LaunchScreen.storyboard in Resources */,
				D2CEF00E1D053449005E7DBF /* Assets.xcassets in Resources */,
				D2CEF00C1D053449005E7DBF /* Main.storyboard in Resources */,
			);
			runOnlyForDeploymentPostprocessing = 0;
		};
/* End PBXResourcesBuildPhase section */

/* Begin PBXSourcesBuildPhase section */
		D2CEEFFF1D053449005E7DBF /* Sources */ = {
			isa = PBXSourcesBuildPhase;
			buildActionMask = 2147483647;
			files = (
				D2F1DFFE1D16386800C865AE /* Utility.swift in Sources */,
				D2CEF0091D053449005E7DBF /* ViewController.swift in Sources */,
				D2CEF0071D053449005E7DBF /* AppDelegate.swift in Sources */,
				D2EEB8691D09B32300C9D80B /* SettingsViewController.swift in Sources */,
				D2F1DFFC1D1562FE00C865AE /* Constants.swift in Sources */,
			);
			runOnlyForDeploymentPostprocessing = 0;
		};
/* End PBXSourcesBuildPhase section */

/* Begin PBXVariantGroup section */
		D2CEF00A1D053449005E7DBF /* Main.storyboard */ = {
			isa = PBXVariantGroup;
			children = (
				D2CEF00B1D053449005E7DBF /* Base */,
			);
			name = Main.storyboard;
			sourceTree = "<group>";
		};
		D2CEF00F1D053449005E7DBF /* LaunchScreen.storyboard */ = {
			isa = PBXVariantGroup;
			children = (
				D2CEF0101D053449005E7DBF /* Base */,
			);
			name = LaunchScreen.storyboard;
			sourceTree = "<group>";
		};
/* End PBXVariantGroup section */

/* Begin XCBuildConfiguration section */
		D2CEF0131D053449005E7DBF /* Debug */ = {
			isa = XCBuildConfiguration;
			buildSettings = {
				ALWAYS_SEARCH_USER_PATHS = NO;
				CLANG_ANALYZER_NONNULL = YES;
				CLANG_CXX_LANGUAGE_STANDARD = "gnu++0x";
				CLANG_CXX_LIBRARY = "libc++";
				CLANG_ENABLE_MODULES = YES;
				CLANG_ENABLE_OBJC_ARC = YES;
				CLANG_WARN_BOOL_CONVERSION = YES;
				CLANG_WARN_CONSTANT_CONVERSION = YES;
				CLANG_WARN_DIRECT_OBJC_ISA_USAGE = YES_ERROR;
				CLANG_WARN_EMPTY_BODY = YES;
				CLANG_WARN_ENUM_CONVERSION = YES;
				CLANG_WARN_INT_CONVERSION = YES;
				CLANG_WARN_OBJC_ROOT_CLASS = YES_ERROR;
				CLANG_WARN_UNREACHABLE_CODE = YES;
				CLANG_WARN__DUPLICATE_METHOD_MATCH = YES;
				"CODE_SIGN_IDENTITY[sdk=iphoneos*]" = "iPhone Developer";
				COPY_PHASE_STRIP = NO;
				DEBUG_INFORMATION_FORMAT = dwarf;
				ENABLE_STRICT_OBJC_MSGSEND = YES;
				ENABLE_TESTABILITY = YES;
				GCC_C_LANGUAGE_STANDARD = gnu99;
				GCC_DYNAMIC_NO_PIC = NO;
				GCC_NO_COMMON_BLOCKS = YES;
				GCC_OPTIMIZATION_LEVEL = 0;
				GCC_PREPROCESSOR_DEFINITIONS = (
					"DEBUG=1",
					"$(inherited)",
				);
				GCC_WARN_64_TO_32_BIT_CONVERSION = YES;
				GCC_WARN_ABOUT_RETURN_TYPE = YES_ERROR;
				GCC_WARN_UNDECLARED_SELECTOR = YES;
				GCC_WARN_UNINITIALIZED_AUTOS = YES_AGGRESSIVE;
				GCC_WARN_UNUSED_FUNCTION = YES;
				GCC_WARN_UNUSED_VARIABLE = YES;
				IPHONEOS_DEPLOYMENT_TARGET = 9.3;
				MTL_ENABLE_DEBUG_INFO = YES;
				ONLY_ACTIVE_ARCH = YES;
				SDKROOT = iphoneos;
				SWIFT_OPTIMIZATION_LEVEL = "-Onone";
			};
			name = Debug;
		};
		D2CEF0141D053449005E7DBF /* Release */ = {
			isa = XCBuildConfiguration;
			buildSettings = {
				ALWAYS_SEARCH_USER_PATHS = NO;
				CLANG_ANALYZER_NONNULL = YES;
				CLANG_CXX_LANGUAGE_STANDARD = "gnu++0x";
				CLANG_CXX_LIBRARY = "libc++";
				CLANG_ENABLE_MODULES = YES;
				CLANG_ENABLE_OBJC_ARC = YES;
				CLANG_WARN_BOOL_CONVERSION = YES;
				CLANG_WARN_CONSTANT_CONVERSION = YES;
				CLANG_WARN_DIRECT_OBJC_ISA_USAGE = YES_ERROR;
				CLANG_WARN_EMPTY_BODY = YES;
				CLANG_WARN_ENUM_CONVERSION = YES;
				CLANG_WARN_INT_CONVERSION = YES;
				CLANG_WARN_OBJC_ROOT_CLASS = YES_ERROR;
				CLANG_WARN_UNREACHABLE_CODE = YES;
				CLANG_WARN__DUPLICATE_METHOD_MATCH = YES;
				"CODE_SIGN_IDENTITY[sdk=iphoneos*]" = "iPhone Developer";
				COPY_PHASE_STRIP = NO;
				DEBUG_INFORMATION_FORMAT = "dwarf-with-dsym";
				ENABLE_NS_ASSERTIONS = NO;
				ENABLE_STRICT_OBJC_MSGSEND = YES;
				GCC_C_LANGUAGE_STANDARD = gnu99;
				GCC_NO_COMMON_BLOCKS = YES;
				GCC_WARN_64_TO_32_BIT_CONVERSION = YES;
				GCC_WARN_ABOUT_RETURN_TYPE = YES_ERROR;
				GCC_WARN_UNDECLARED_SELECTOR = YES;
				GCC_WARN_UNINITIALIZED_AUTOS = YES_AGGRESSIVE;
				GCC_WARN_UNUSED_FUNCTION = YES;
				GCC_WARN_UNUSED_VARIABLE = YES;
				IPHONEOS_DEPLOYMENT_TARGET = 9.3;
				MTL_ENABLE_DEBUG_INFO = NO;
				SDKROOT = iphoneos;
				VALIDATE_PRODUCT = YES;
			};
			name = Release;
		};
		D2CEF0161D053449005E7DBF /* Debug */ = {
			isa = XCBuildConfiguration;
			buildSettings = {
				ASSETCATALOG_COMPILER_APPICON_NAME = AppIcon;
				INFOPLIST_FILE = "tip-calculator/Info.plist";
				IPHONEOS_DEPLOYMENT_TARGET = 8.0;
				LD_RUNPATH_SEARCH_PATHS = "$(inherited) @executable_path/Frameworks";
				PRODUCT_BUNDLE_IDENTIFIER = "coderschool-swift.tip-calculator";
				PRODUCT_NAME = "$(TARGET_NAME)";
			};
			name = Debug;
		};
		D2CEF0171D053449005E7DBF /* Release */ = {
			isa = XCBuildConfiguration;
			buildSettings = {
				ASSETCATALOG_COMPILER_APPICON_NAME = AppIcon;
				INFOPLIST_FILE = "tip-calculator/Info.plist";
				IPHONEOS_DEPLOYMENT_TARGET = 8.0;
				LD_RUNPATH_SEARCH_PATHS = "$(inherited) @executable_path/Frameworks";
				PRODUCT_BUNDLE_IDENTIFIER = "coderschool-swift.tip-calculator";
				PRODUCT_NAME = "$(TARGET_NAME)";
			};
			name = Release;
		};
/* End XCBuildConfiguration section */

/* Begin XCConfigurationList section */
		D2CEEFFE1D053449005E7DBF /* Build configuration list for PBXProject "tip-calculator" */ = {
			isa = XCConfigurationList;
			buildConfigurations = (
				D2CEF0131D053449005E7DBF /* Debug */,
				D2CEF0141D053449005E7DBF /* Release */,
			);
			defaultConfigurationIsVisible = 0;
			defaultConfigurationName = Release;
		};
		D2CEF0151D053449005E7DBF /* Build configuration list for PBXNativeTarget "tip-calculator" */ = {
			isa = XCConfigurationList;
			buildConfigurations = (
				D2CEF0161D053449005E7DBF /* Debug */,
				D2CEF0171D053449005E7DBF /* Release */,
			);
			defaultConfigurationIsVisible = 0;
			defaultConfigurationName = Release;
		};
/* End XCConfigurationList section */
	};
	rootObject = D2CEEFFB1D053449005E7DBF /* Project object */;
}
